
Microsoft Visual Studio Solution File, Format Version 12.00
# Visual Studio Version 17
VisualStudioVersion = 17.5.002.0
MinimumVisualStudioVersion = 10.0.40219.1
Project("{9A19103F-16F7-4668-BE54-9A1E7A4F7556}") = "Saboado", "Saboado\Saboado.csproj", "{C69B04D1-3933-4B5D-A972-E117F2710CBD}"
EndProject
Global
	GlobalSection(SolutionConfigurationPlatforms) = preSolution
		Debug|Any CPU = Debug|Any CPU
		Release|Any CPU = Release|Any CPU
	EndGlobalSection
	GlobalSection(ProjectConfigurationPlatforms) = postSolution
		{C69B04D1-3933-4B5D-A972-E117F2710CBD}.Debug|Any CPU.ActiveCfg = Debug|Any CPU
		{C69B04D1-3933-4B5D-A972-E117F2710CBD}.Debug|Any CPU.Build.0 = Debug|Any CPU
		{C69B04D1-3933-4B5D-A972-E117F2710CBD}.Release|Any CPU.ActiveCfg = Release|Any CPU
		{C69B04D1-3933-4B5D-A972-E117F2710CBD}.Release|Any CPU.Build.0 = Release|Any CPU
	EndGlobalSection
	GlobalSection(SolutionProperties) = preSolution
		HideSolutionNode = FALSE
	EndGlobalSection
	GlobalSection(ExtensibilityGlobals) = postSolution
		SolutionGuid = {B44571C4-78EB-4EA5-8617-11D8991E2CAF}
	EndGlobalSection
EndGlobal
